
Microsoft Visual Studio Solution File, Format Version 12.00
# Visual Studio Version 17
VisualStudioVersion = 17.4.33103.184
MinimumVisualStudioVersion = 10.0.40219.1
Project("{FAE04EC0-301F-11D3-BF4B-00C04F79EFBC}") = "SelectManyExample", "SelectManyExample\SelectManyExample.csproj", "{ED762810-8FC1-4141-A696-2A83D890718F}"
EndProject
Global
	GlobalSection(SolutionConfigurationPlatforms) = preSolution
		Debug|Any CPU = Debug|Any CPU
		Release|Any CPU = Release|Any CPU
	EndGlobalSection
	GlobalSection(ProjectConfigurationPlatforms) = postSolution
		{ED762810-8FC1-4141-A696-2A83D890718F}.Debug|Any CPU.ActiveCfg = Debug|Any CPU
		{ED762810-8FC1-4141-A696-2A83D890718F}.Debug|Any CPU.Build.0 = Debug|Any CPU
		{ED762810-8FC1-4141-A696-2A83D890718F}.Release|Any CPU.ActiveCfg = Release|Any CPU
		{ED762810-8FC1-4141-A696-2A83D890718F}.Release|Any CPU.Build.0 = Release|Any CPU
	EndGlobalSection
	GlobalSection(SolutionProperties) = preSolution
		HideSolutionNode = FALSE
	EndGlobalSection
	GlobalSection(ExtensibilityGlobals) = postSolution
		SolutionGuid = {5FBDF58E-ACD6-4B74-8EFC-A5054445D2FE}
	EndGlobalSection
EndGlobal
